
Microsoft Visual Studio Solution File, Format Version 12.00
# Visual Studio Version 17
VisualStudioVersion = 17.2.32616.157
MinimumVisualStudioVersion = 10.0.40219.1
Project("{FAE04EC0-301F-11D3-BF4B-00C04F79EFBC}") = "Lab_3_1_13", "Lab_3_1_13.csproj", "{217C5248-87FA-438C-BED5-2B366B806CD7}"
EndProject
Global
	GlobalSection(SolutionConfigurationPlatforms) = preSolution
		Debug|Any CPU = Debug|Any CPU
		Release|Any CPU = Release|Any CPU
	EndGlobalSection
	GlobalSection(ProjectConfigurationPlatforms) = postSolution
		{217C5248-87FA-438C-BED5-2B366B806CD7}.Debug|Any CPU.ActiveCfg = Debug|Any CPU
		{217C5248-87FA-438C-BED5-2B366B806CD7}.Debug|Any CPU.Build.0 = Debug|Any CPU
		{217C5248-87FA-438C-BED5-2B366B806CD7}.Release|Any CPU.ActiveCfg = Release|Any CPU
		{217C5248-87FA-438C-BED5-2B366B806CD7}.Release|Any CPU.Build.0 = Release|Any CPU
	EndGlobalSection
	GlobalSection(SolutionProperties) = preSolution
		HideSolutionNode = FALSE
	EndGlobalSection
	GlobalSection(ExtensibilityGlobals) = postSolution
		SolutionGuid = {3CB3688E-8320-466F-B0AF-349544B6D94C}
	EndGlobalSection
EndGlobal
